
Microsoft Visual Studio Solution File, Format Version 12.00
# Visual Studio Version 16
VisualStudioVersion = 16.0.29306.81
MinimumVisualStudioVersion = 10.0.40219.1
Project("{9A19103F-16F7-4668-BE54-9A1E7A4F7556}") = "Website", "Website\Website.csproj", "{8043D472-0915-4560-93D3-BC0F605CCB06}"
EndProject
Project("{9A19103F-16F7-4668-BE54-9A1E7A4F7556}") = "DataLayer", "DataLayer\DataLayer.csproj", "{6FF96709-7E14-44E7-ACDF-958E0A8F6802}"
EndProject
Project("{9A19103F-16F7-4668-BE54-9A1E7A4F7556}") = "LogicalCore", "LogicalCore\LogicalCore.csproj", "{48F69689-5A02-4D37-B198-4A9343E8A499}"
EndProject
Project("{9A19103F-16F7-4668-BE54-9A1E7A4F7556}") = "Forest", "Forest\Forest.csproj", "{D799E58C-0CF2-4FA0-A1DD-9F87F80E5A7D}"
EndProject
Project("{FAE04EC0-301F-11D3-BF4B-00C04F79EFBC}") = "MyLibrary", "MyLibrary\MyLibrary.csproj", "{2444026B-F1F4-4CCF-BF90-8FB8CD99038C}"
EndProject
Project("{FAE04EC0-301F-11D3-BF4B-00C04F79EFBC}") = "Monitor", "Monitor\Monitor.csproj", "{5D5BCF5E-F85F-4DEA-A364-C61DA7939C6B}"
EndProject
Project("{FAE04EC0-301F-11D3-BF4B-00C04F79EFBC}") = "WebsiteTests", "WebsiteTests\WebsiteTests.csproj", "{84FAED04-36DA-4C3C-A12B-9705807C7BAB}"
EndProject
Global
	GlobalSection(SolutionConfigurationPlatforms) = preSolution
		Debug|Any CPU = Debug|Any CPU
		Release|Any CPU = Release|Any CPU
	EndGlobalSection
	GlobalSection(ProjectConfigurationPlatforms) = postSolution
		{8043D472-0915-4560-93D3-BC0F605CCB06}.Debug|Any CPU.ActiveCfg = Debug|Any CPU
		{8043D472-0915-4560-93D3-BC0F605CCB06}.Debug|Any CPU.Build.0 = Debug|Any CPU
		{8043D472-0915-4560-93D3-BC0F605CCB06}.Release|Any CPU.ActiveCfg = Release|Any CPU
		{8043D472-0915-4560-93D3-BC0F605CCB06}.Release|Any CPU.Build.0 = Release|Any CPU
		{6FF96709-7E14-44E7-ACDF-958E0A8F6802}.Debug|Any CPU.ActiveCfg = Debug|Any CPU
		{6FF96709-7E14-44E7-ACDF-958E0A8F6802}.Debug|Any CPU.Build.0 = Debug|Any CPU
		{6FF96709-7E14-44E7-ACDF-958E0A8F6802}.Release|Any CPU.ActiveCfg = Release|Any CPU
		{6FF96709-7E14-44E7-ACDF-958E0A8F6802}.Release|Any CPU.Build.0 = Release|Any CPU
		{48F69689-5A02-4D37-B198-4A9343E8A499}.Debug|Any CPU.ActiveCfg = Debug|Any CPU
		{48F69689-5A02-4D37-B198-4A9343E8A499}.Debug|Any CPU.Build.0 = Debug|Any CPU
		{48F69689-5A02-4D37-B198-4A9343E8A499}.Release|Any CPU.ActiveCfg = Release|Any CPU
		{48F69689-5A02-4D37-B198-4A9343E8A499}.Release|Any CPU.Build.0 = Release|Any CPU
		{D799E58C-0CF2-4FA0-A1DD-9F87F80E5A7D}.Debug|Any CPU.ActiveCfg = Debug|Any CPU
		{D799E58C-0CF2-4FA0-A1DD-9F87F80E5A7D}.Debug|Any CPU.Build.0 = Debug|Any CPU
		{D799E58C-0CF2-4FA0-A1DD-9F87F80E5A7D}.Release|Any CPU.ActiveCfg = Release|Any CPU
		{D799E58C-0CF2-4FA0-A1DD-9F87F80E5A7D}.Release|Any CPU.Build.0 = Release|Any CPU
		{2444026B-F1F4-4CCF-BF90-8FB8CD99038C}.Debug|Any CPU.ActiveCfg = Debug|Any CPU
		{2444026B-F1F4-4CCF-BF90-8FB8CD99038C}.Debug|Any CPU.Build.0 = Debug|Any CPU
		{2444026B-F1F4-4CCF-BF90-8FB8CD99038C}.Release|Any CPU.ActiveCfg = Release|Any CPU
		{2444026B-F1F4-4CCF-BF90-8FB8CD99038C}.Release|Any CPU.Build.0 = Release|Any CPU
		{5D5BCF5E-F85F-4DEA-A364-C61DA7939C6B}.Debug|Any CPU.ActiveCfg = Debug|Any CPU
		{5D5BCF5E-F85F-4DEA-A364-C61DA7939C6B}.Debug|Any CPU.Build.0 = Debug|Any CPU
		{5D5BCF5E-F85F-4DEA-A364-C61DA7939C6B}.Release|Any CPU.ActiveCfg = Release|Any CPU
		{5D5BCF5E-F85F-4DEA-A364-C61DA7939C6B}.Release|Any CPU.Build.0 = Release|Any CPU
		{84FAED04-36DA-4C3C-A12B-9705807C7BAB}.Debug|Any CPU.ActiveCfg = Debug|Any CPU
		{84FAED04-36DA-4C3C-A12B-9705807C7BAB}.Debug|Any CPU.Build.0 = Debug|Any CPU
		{84FAED04-36DA-4C3C-A12B-9705807C7BAB}.Release|Any CPU.ActiveCfg = Release|Any CPU
		{84FAED04-36DA-4C3C-A12B-9705807C7BAB}.Release|Any CPU.Build.0 = Release|Any CPU
	EndGlobalSection
	GlobalSection(SolutionProperties) = preSolution
		HideSolutionNode = FALSE
	EndGlobalSection
	GlobalSection(ExtensibilityGlobals) = postSolution
		SolutionGuid = {EA497C49-5248-47BD-9764-F7A19644E14A}
	EndGlobalSection
EndGlobal
