
Microsoft Visual Studio Solution File, Format Version 12.00
# Visual Studio 15
VisualStudioVersion = 15.0.28307.705
MinimumVisualStudioVersion = 10.0.40219.1
Project("{FAE04EC0-301F-11D3-BF4B-00C04F79EFBC}") = "BotsConstructor", "BotsConstructor\BotsConstructor.csproj", "{DA0EC177-3850-4357-8097-301F6A3A6C60}"
EndProject
Global
	GlobalSection(SolutionConfigurationPlatforms) = preSolution
		Debug|Any CPU = Debug|Any CPU
		Release|Any CPU = Release|Any CPU
	EndGlobalSection
	GlobalSection(ProjectConfigurationPlatforms) = postSolution
		{DA0EC177-3850-4357-8097-301F6A3A6C60}.Debug|Any CPU.ActiveCfg = Debug|Any CPU
		{DA0EC177-3850-4357-8097-301F6A3A6C60}.Debug|Any CPU.Build.0 = Debug|Any CPU
		{DA0EC177-3850-4357-8097-301F6A3A6C60}.Release|Any CPU.ActiveCfg = Release|Any CPU
		{DA0EC177-3850-4357-8097-301F6A3A6C60}.Release|Any CPU.Build.0 = Release|Any CPU
	EndGlobalSection
	GlobalSection(SolutionProperties) = preSolution
		HideSolutionNode = FALSE
	EndGlobalSection
	GlobalSection(ExtensibilityGlobals) = postSolution
		SolutionGuid = {EA497C49-5248-47BD-9764-F7A19644E14A}
	EndGlobalSection
EndGlobal
